
Microsoft Visual Studio Solution File, Format Version 12.00
# Visual Studio Version 17
VisualStudioVersion = 17.4.33213.308
MinimumVisualStudioVersion = 10.0.40219.1
Project("{9A19103F-16F7-4668-BE54-9A1E7A4F7556}") = "Customers.API", "Customers\Customers.API.csproj", "{EF1F11AC-4BED-405B-BEF2-BDDA0B5C568F}"
EndProject
Project("{9A19103F-16F7-4668-BE54-9A1E7A4F7556}") = "FileUpload.API", "FileUpload.API\FileUpload.API.csproj", "{A5734F9A-57B8-4096-A17C-947AA532BA0D}"
EndProject
Project("{2150E333-8FDC-42A3-9474-1A3956D46DE8}") = "Futsalesco", "Futsalesco", "{42447E36-C224-40AE-85EE-0DA35B74C19C}"
EndProject
Project("{FAE04EC0-301F-11D3-BF4B-00C04F79EFBC}") = "Futsalesco.API", "Futsalesco.API\Futsalesco.API.csproj", "{F911807D-650A-4CAE-A53C-55F76CDBEAC9}"
EndProject
Project("{FAE04EC0-301F-11D3-BF4B-00C04F79EFBC}") = "Fustalesco.Infrastructure", "Fustalesco.Infrastructure\Fustalesco.Infrastructure.csproj", "{2A93DF0F-A77C-4E06-BEE5-770B25F4DA4B}"
EndProject
Global
	GlobalSection(SolutionConfigurationPlatforms) = preSolution
		Debug|Any CPU = Debug|Any CPU
		Release|Any CPU = Release|Any CPU
	EndGlobalSection
	GlobalSection(ProjectConfigurationPlatforms) = postSolution
		{EF1F11AC-4BED-405B-BEF2-BDDA0B5C568F}.Debug|Any CPU.ActiveCfg = Debug|Any CPU
		{EF1F11AC-4BED-405B-BEF2-BDDA0B5C568F}.Debug|Any CPU.Build.0 = Debug|Any CPU
		{EF1F11AC-4BED-405B-BEF2-BDDA0B5C568F}.Release|Any CPU.ActiveCfg = Release|Any CPU
		{EF1F11AC-4BED-405B-BEF2-BDDA0B5C568F}.Release|Any CPU.Build.0 = Release|Any CPU
		{A5734F9A-57B8-4096-A17C-947AA532BA0D}.Debug|Any CPU.ActiveCfg = Debug|Any CPU
		{A5734F9A-57B8-4096-A17C-947AA532BA0D}.Debug|Any CPU.Build.0 = Debug|Any CPU
		{A5734F9A-57B8-4096-A17C-947AA532BA0D}.Release|Any CPU.ActiveCfg = Release|Any CPU
		{A5734F9A-57B8-4096-A17C-947AA532BA0D}.Release|Any CPU.Build.0 = Release|Any CPU
		{F911807D-650A-4CAE-A53C-55F76CDBEAC9}.Debug|Any CPU.ActiveCfg = Debug|Any CPU
		{F911807D-650A-4CAE-A53C-55F76CDBEAC9}.Debug|Any CPU.Build.0 = Debug|Any CPU
		{F911807D-650A-4CAE-A53C-55F76CDBEAC9}.Release|Any CPU.ActiveCfg = Release|Any CPU
		{F911807D-650A-4CAE-A53C-55F76CDBEAC9}.Release|Any CPU.Build.0 = Release|Any CPU
		{2A93DF0F-A77C-4E06-BEE5-770B25F4DA4B}.Debug|Any CPU.ActiveCfg = Debug|Any CPU
		{2A93DF0F-A77C-4E06-BEE5-770B25F4DA4B}.Debug|Any CPU.Build.0 = Debug|Any CPU
		{2A93DF0F-A77C-4E06-BEE5-770B25F4DA4B}.Release|Any CPU.ActiveCfg = Release|Any CPU
		{2A93DF0F-A77C-4E06-BEE5-770B25F4DA4B}.Release|Any CPU.Build.0 = Release|Any CPU
	EndGlobalSection
	GlobalSection(SolutionProperties) = preSolution
		HideSolutionNode = FALSE
	EndGlobalSection
	GlobalSection(NestedProjects) = preSolution
		{F911807D-650A-4CAE-A53C-55F76CDBEAC9} = {42447E36-C224-40AE-85EE-0DA35B74C19C}
		{2A93DF0F-A77C-4E06-BEE5-770B25F4DA4B} = {42447E36-C224-40AE-85EE-0DA35B74C19C}
	EndGlobalSection
	GlobalSection(ExtensibilityGlobals) = postSolution
		SolutionGuid = {FBA733CC-77D6-470F-9534-85372060C1C1}
	EndGlobalSection
EndGlobal
